
Microsoft Visual Studio Solution File, Format Version 12.00
# Visual Studio Version 16
VisualStudioVersion = 16.0.30804.86
MinimumVisualStudioVersion = 10.0.40219.1
Project("{FAE04EC0-301F-11D3-BF4B-00C04F79EFBC}") = "MVVMExample", "MVVMExample\MVVMExample.csproj", "{8A45651C-541A-47F5-B00D-4C8062215007}"
EndProject
Project("{FAE04EC0-301F-11D3-BF4B-00C04F79EFBC}") = "NoMVVMExample", "NoMVVMExample\NoMVVMExample.csproj", "{CC6463A6-04D8-4348-B22C-52E211E0CD28}"
EndProject
Global
	GlobalSection(SolutionConfigurationPlatforms) = preSolution
		Debug|Any CPU = Debug|Any CPU
		Release|Any CPU = Release|Any CPU
	EndGlobalSection
	GlobalSection(ProjectConfigurationPlatforms) = postSolution
		{8A45651C-541A-47F5-B00D-4C8062215007}.Debug|Any CPU.ActiveCfg = Debug|Any CPU
		{8A45651C-541A-47F5-B00D-4C8062215007}.Debug|Any CPU.Build.0 = Debug|Any CPU
		{8A45651C-541A-47F5-B00D-4C8062215007}.Release|Any CPU.ActiveCfg = Release|Any CPU
		{8A45651C-541A-47F5-B00D-4C8062215007}.Release|Any CPU.Build.0 = Release|Any CPU
		{CC6463A6-04D8-4348-B22C-52E211E0CD28}.Debug|Any CPU.ActiveCfg = Debug|Any CPU
		{CC6463A6-04D8-4348-B22C-52E211E0CD28}.Debug|Any CPU.Build.0 = Debug|Any CPU
		{CC6463A6-04D8-4348-B22C-52E211E0CD28}.Release|Any CPU.ActiveCfg = Release|Any CPU
		{CC6463A6-04D8-4348-B22C-52E211E0CD28}.Release|Any CPU.Build.0 = Release|Any CPU
	EndGlobalSection
	GlobalSection(SolutionProperties) = preSolution
		HideSolutionNode = FALSE
	EndGlobalSection
	GlobalSection(ExtensibilityGlobals) = postSolution
		SolutionGuid = {186E7EC5-AE3D-4D6A-9FC2-6606EE30F468}
	EndGlobalSection
EndGlobal
